
Microsoft Visual Studio Solution File, Format Version 12.00
# Visual Studio Version 17
VisualStudioVersion = 17.9.34728.123
MinimumVisualStudioVersion = 10.0.40219.1
Project("{9A19103F-16F7-4668-BE54-9A1E7A4F7556}") = "MovieAppWeb.Web", "MovieAppWeb.Web\MovieAppWeb.Web.csproj", "{8C3E1F9F-ADE5-4F00-B8B0-73F34E36B84C}"
EndProject
Global
	GlobalSection(SolutionConfigurationPlatforms) = preSolution
		Debug|Any CPU = Debug|Any CPU
		Release|Any CPU = Release|Any CPU
	EndGlobalSection
	GlobalSection(ProjectConfigurationPlatforms) = postSolution
		{8C3E1F9F-ADE5-4F00-B8B0-73F34E36B84C}.Debug|Any CPU.ActiveCfg = Debug|Any CPU
		{8C3E1F9F-ADE5-4F00-B8B0-73F34E36B84C}.Debug|Any CPU.Build.0 = Debug|Any CPU
		{8C3E1F9F-ADE5-4F00-B8B0-73F34E36B84C}.Release|Any CPU.ActiveCfg = Release|Any CPU
		{8C3E1F9F-ADE5-4F00-B8B0-73F34E36B84C}.Release|Any CPU.Build.0 = Release|Any CPU
	EndGlobalSection
	GlobalSection(SolutionProperties) = preSolution
		HideSolutionNode = FALSE
	EndGlobalSection
	GlobalSection(ExtensibilityGlobals) = postSolution
		SolutionGuid = {88D8ABD6-F7DD-497A-AE91-89DB12061A77}
	EndGlobalSection
EndGlobal
